// !$*UTF8*$!
{
	archiveVersion = 1;
	classes = {
	};
	objectVersion = 55;
	objects = {

/* Begin PBXBuildFile section */
		560FC02828B3F20B0007ADEA /* AppAssembler.swift in Sources */ = {isa = PBXBuildFile; fileRef = 560FC02728B3F20B0007ADEA /* AppAssembler.swift */; };
		560FC03028B3F5020007ADEA /* Requester in Resources */ = {isa = PBXBuildFile; fileRef = 560FC02F28B3F5020007ADEA /* Requester */; };
		56B2917128B3E4A600494774 /* FlightsApp.swift in Sources */ = {isa = PBXBuildFile; fileRef = 56B2917028B3E4A600494774 /* FlightsApp.swift */; };
		56B2917528B3E4A700494774 /* Assets.xcassets in Resources */ = {isa = PBXBuildFile; fileRef = 56B2917428B3E4A700494774 /* Assets.xcassets */; };
		56B2917828B3E4A700494774 /* Preview Assets.xcassets in Resources */ = {isa = PBXBuildFile; fileRef = 56B2917728B3E4A700494774 /* Preview Assets.xcassets */; };
		56E4E5C728B3F59200ABCFBB /* Offers in Frameworks */ = {isa = PBXBuildFile; productRef = 56E4E5C628B3F59200ABCFBB /* Offers */; };
		56E4E5C928B3F59200ABCFBB /* Requester in Frameworks */ = {isa = PBXBuildFile; productRef = 56E4E5C828B3F59200ABCFBB /* Requester */; };
		56E4E5CA28B3FE8F00ABCFBB /* Offers in Resources */ = {isa = PBXBuildFile; fileRef = 56E4E5C528B3F57B00ABCFBB /* Offers */; };
/* End PBXBuildFile section */

/* Begin PBXFileReference section */
		560FC02728B3F20B0007ADEA /* AppAssembler.swift */ = {isa = PBXFileReference; lastKnownFileType = sourcecode.swift; path = AppAssembler.swift; sourceTree = "<group>"; };
		560FC02F28B3F5020007ADEA /* Requester */ = {isa = PBXFileReference; lastKnownFileType = wrapper; path = Requester; sourceTree = "<group>"; };
		56B2916D28B3E4A600494774 /* Flights.app */ = {isa = PBXFileReference; explicitFileType = wrapper.application; includeInIndex = 0; path = Flights.app; sourceTree = BUILT_PRODUCTS_DIR; };
		56B2917028B3E4A600494774 /* FlightsApp.swift */ = {isa = PBXFileReference; lastKnownFileType = sourcecode.swift; path = FlightsApp.swift; sourceTree = "<group>"; };
		56B2917428B3E4A700494774 /* Assets.xcassets */ = {isa = PBXFileReference; lastKnownFileType = folder.assetcatalog; path = Assets.xcassets; sourceTree = "<group>"; };
		56B2917728B3E4A700494774 /* Preview Assets.xcassets */ = {isa = PBXFileReference; lastKnownFileType = folder.assetcatalog; path = "Preview Assets.xcassets"; sourceTree = "<group>"; };
		56E4E5C528B3F57B00ABCFBB /* Offers */ = {isa = PBXFileReference; lastKnownFileType = wrapper; path = Offers; sourceTree = "<group>"; };
/* End PBXFileReference section */

/* Begin PBXFrameworksBuildPhase section */
		56B2916A28B3E4A600494774 /* Frameworks */ = {
			isa = PBXFrameworksBuildPhase;
			buildActionMask = 2147483647;
			files = (
				56E4E5C728B3F59200ABCFBB /* Offers in Frameworks */,
				56E4E5C928B3F59200ABCFBB /* Requester in Frameworks */,
			);
			runOnlyForDeploymentPostprocessing = 0;
		};
/* End PBXFrameworksBuildPhase section */

/* Begin PBXGroup section */
		560FC02E28B3F5020007ADEA /* Libraries */ = {
			isa = PBXGroup;
			children = (
				560FC02F28B3F5020007ADEA /* Requester */,
			);
			path = Libraries;
			sourceTree = "<group>";
		};
		560FC03228B3F5270007ADEA /* Features */ = {
			isa = PBXGroup;
			children = (
				56E4E5C528B3F57B00ABCFBB /* Offers */,
			);
			path = Features;
			sourceTree = "<group>";
		};
		56B2916428B3E4A600494774 = {
			isa = PBXGroup;
			children = (
				56B2918128B3E82600494774 /* Packages */,
				56B2916F28B3E4A600494774 /* Flights */,
				56B2916E28B3E4A600494774 /* Products */,
				56B2918328B3E8C000494774 /* Frameworks */,
			);
			sourceTree = "<group>";
		};
		56B2916E28B3E4A600494774 /* Products */ = {
			isa = PBXGroup;
			children = (
				56B2916D28B3E4A600494774 /* Flights.app */,
			);
			name = Products;
			sourceTree = "<group>";
		};
		56B2916F28B3E4A600494774 /* Flights */ = {
			isa = PBXGroup;
			children = (
				560FC02728B3F20B0007ADEA /* AppAssembler.swift */,
				56B2917028B3E4A600494774 /* FlightsApp.swift */,
				56B2917428B3E4A700494774 /* Assets.xcassets */,
				56B2917628B3E4A700494774 /* Preview Content */,
			);
			path = Flights;
			sourceTree = "<group>";
		};
		56B2917628B3E4A700494774 /* Preview Content */ = {
			isa = PBXGroup;
			children = (
				56B2917728B3E4A700494774 /* Preview Assets.xcassets */,
			);
			path = "Preview Content";
			sourceTree = "<group>";
		};
		56B2918128B3E82600494774 /* Packages */ = {
			isa = PBXGroup;
			children = (
				560FC03228B3F5270007ADEA /* Features */,
				560FC02E28B3F5020007ADEA /* Libraries */,
			);
			name = Packages;
			sourceTree = "<group>";
		};
		56B2918328B3E8C000494774 /* Frameworks */ = {
			isa = PBXGroup;
			children = (
			);
			name = Frameworks;
			sourceTree = "<group>";
		};
/* End PBXGroup section */

/* Begin PBXNativeTarget section */
		56B2916C28B3E4A600494774 /* Flights */ = {
			isa = PBXNativeTarget;
			buildConfigurationList = 56B2917B28B3E4A700494774 /* Build configuration list for PBXNativeTarget "Flights" */;
			buildPhases = (
				56B2916928B3E4A600494774 /* Sources */,
				56B2916A28B3E4A600494774 /* Frameworks */,
				56B2916B28B3E4A600494774 /* Resources */,
			);
			buildRules = (
			);
			dependencies = (
			);
			name = Flights;
			packageProductDependencies = (
				56E4E5C628B3F59200ABCFBB /* Offers */,
				56E4E5C828B3F59200ABCFBB /* Requester */,
			);
			productName = Flights;
			productReference = 56B2916D28B3E4A600494774 /* Flights.app */;
			productType = "com.apple.product-type.application";
		};
/* End PBXNativeTarget section */

/* Begin PBXProject section */
		56B2916528B3E4A600494774 /* Project object */ = {
			isa = PBXProject;
			attributes = {
				BuildIndependentTargetsInParallel = 1;
				LastSwiftUpdateCheck = 1340;
				LastUpgradeCheck = 1340;
				TargetAttributes = {
					56B2916C28B3E4A600494774 = {
						CreatedOnToolsVersion = 13.4.1;
					};
				};
			};
			buildConfigurationList = 56B2916828B3E4A600494774 /* Build configuration list for PBXProject "Flights" */;
			compatibilityVersion = "Xcode 13.0";
			developmentRegion = en;
			hasScannedForEncodings = 0;
			knownRegions = (
				en,
				Base,
			);
			mainGroup = 56B2916428B3E4A600494774;
			productRefGroup = 56B2916E28B3E4A600494774 /* Products */;
			projectDirPath = "";
			projectRoot = "";
			targets = (
				56B2916C28B3E4A600494774 /* Flights */,
			);
		};
/* End PBXProject section */

/* Begin PBXResourcesBuildPhase section */
		56B2916B28B3E4A600494774 /* Resources */ = {
			isa = PBXResourcesBuildPhase;
			buildActionMask = 2147483647;
			files = (
				56E4E5CA28B3FE8F00ABCFBB /* Offers in Resources */,
				56B2917828B3E4A700494774 /* Preview Assets.xcassets in Resources */,
				56B2917528B3E4A700494774 /* Assets.xcassets in Resources */,
				560FC03028B3F5020007ADEA /* Requester in Resources */,
			);
			runOnlyForDeploymentPostprocessing = 0;
		};
/* End PBXResourcesBuildPhase section */

/* Begin PBXSourcesBuildPhase section */
		56B2916928B3E4A600494774 /* Sources */ = {
			isa = PBXSourcesBuildPhase;
			buildActionMask = 2147483647;
			files = (
				56B2917128B3E4A600494774 /* FlightsApp.swift in Sources */,
				560FC02828B3F20B0007ADEA /* AppAssembler.swift in Sources */,
			);
			runOnlyForDeploymentPostprocessing = 0;
		};
/* End PBXSourcesBuildPhase section */

/* Begin XCBuildConfiguration section */
		56B2917928B3E4A700494774 /* Debug */ = {
			isa = XCBuildConfiguration;
			buildSettings = {
				ALWAYS_SEARCH_USER_PATHS = NO;
				CLANG_ANALYZER_NONNULL = YES;
				CLANG_ANALYZER_NUMBER_OBJECT_CONVERSION = YES_AGGRESSIVE;
				CLANG_CXX_LANGUAGE_STANDARD = "gnu++17";
				CLANG_ENABLE_MODULES = YES;
				CLANG_ENABLE_OBJC_ARC = YES;
				CLANG_ENABLE_OBJC_WEAK = YES;
				CLANG_WARN_BLOCK_CAPTURE_AUTORELEASING = YES;
				CLANG_WARN_BOOL_CONVERSION = YES;
				CLANG_WARN_COMMA = YES;
				CLANG_WARN_CONSTANT_CONVERSION = YES;
				CLANG_WARN_DEPRECATED_OBJC_IMPLEMENTATIONS = YES;
				CLANG_WARN_DIRECT_OBJC_ISA_USAGE = YES_ERROR;
				CLANG_WARN_DOCUMENTATION_COMMENTS = YES;
				CLANG_WARN_EMPTY_BODY = YES;
				CLANG_WARN_ENUM_CONVERSION = YES;
				CLANG_WARN_INFINITE_RECURSION = YES;
				CLANG_WARN_INT_CONVERSION = YES;
				CLANG_WARN_NON_LITERAL_NULL_CONVERSION = YES;
				CLANG_WARN_OBJC_IMPLICIT_RETAIN_SELF = YES;
				CLANG_WARN_OBJC_LITERAL_CONVERSION = YES;
				CLANG_WARN_OBJC_ROOT_CLASS = YES_ERROR;
				CLANG_WARN_QUOTED_INCLUDE_IN_FRAMEWORK_HEADER = YES;
				CLANG_WARN_RANGE_LOOP_ANALYSIS = YES;
				CLANG_WARN_STRICT_PROTOTYPES = YES;
				CLANG_WARN_SUSPICIOUS_MOVE = YES;
				CLANG_WARN_UNGUARDED_AVAILABILITY = YES_AGGRESSIVE;
				CLANG_WARN_UNREACHABLE_CODE = YES;
				CLANG_WARN__DUPLICATE_METHOD_MATCH = YES;
				COPY_PHASE_STRIP = NO;
				DEBUG_INFORMATION_FORMAT = dwarf;
				ENABLE_STRICT_OBJC_MSGSEND = YES;
				ENABLE_TESTABILITY = YES;
				GCC_C_LANGUAGE_STANDARD = gnu11;
				GCC_DYNAMIC_NO_PIC = NO;
				GCC_NO_COMMON_BLOCKS = YES;
				GCC_OPTIMIZATION_LEVEL = 0;
				GCC_PREPROCESSOR_DEFINITIONS = (
					"DEBUG=1",
					"$(inherited)",
				);
				GCC_WARN_64_TO_32_BIT_CONVERSION = YES;
				GCC_WARN_ABOUT_RETURN_TYPE = YES_ERROR;
				GCC_WARN_UNDECLARED_SELECTOR = YES;
				GCC_WARN_UNINITIALIZED_AUTOS = YES_AGGRESSIVE;
				GCC_WARN_UNUSED_FUNCTION = YES;
				GCC_WARN_UNUSED_VARIABLE = YES;
				IPHONEOS_DEPLOYMENT_TARGET = 15.5;
				MTL_ENABLE_DEBUG_INFO = INCLUDE_SOURCE;
				MTL_FAST_MATH = YES;
				ONLY_ACTIVE_ARCH = YES;
				SDKROOT = iphoneos;
				SWIFT_ACTIVE_COMPILATION_CONDITIONS = DEBUG;
				SWIFT_OPTIMIZATION_LEVEL = "-Onone";
			};
			name = Debug;
		};
		56B2917A28B3E4A700494774 /* Release */ = {
			isa = XCBuildConfiguration;
			buildSettings = {
				ALWAYS_SEARCH_USER_PATHS = NO;
				CLANG_ANALYZER_NONNULL = YES;
				CLANG_ANALYZER_NUMBER_OBJECT_CONVERSION = YES_AGGRESSIVE;
				CLANG_CXX_LANGUAGE_STANDARD = "gnu++17";
				CLANG_ENABLE_MODULES = YES;
				CLANG_ENABLE_OBJC_ARC = YES;
				CLANG_ENABLE_OBJC_WEAK = YES;
				CLANG_WARN_BLOCK_CAPTURE_AUTORELEASING = YES;
				CLANG_WARN_BOOL_CONVERSION = YES;
				CLANG_WARN_COMMA = YES;
				CLANG_WARN_CONSTANT_CONVERSION = YES;
				CLANG_WARN_DEPRECATED_OBJC_IMPLEMENTATIONS = YES;
				CLANG_WARN_DIRECT_OBJC_ISA_USAGE = YES_ERROR;
				CLANG_WARN_DOCUMENTATION_COMMENTS = YES;
				CLANG_WARN_EMPTY_BODY = YES;
				CLANG_WARN_ENUM_CONVERSION = YES;
				CLANG_WARN_INFINITE_RECURSION = YES;
				CLANG_WARN_INT_CONVERSION = YES;
				CLANG_WARN_NON_LITERAL_NULL_CONVERSION = YES;
				CLANG_WARN_OBJC_IMPLICIT_RETAIN_SELF = YES;
				CLANG_WARN_OBJC_LITERAL_CONVERSION = YES;
				CLANG_WARN_OBJC_ROOT_CLASS = YES_ERROR;
				CLANG_WARN_QUOTED_INCLUDE_IN_FRAMEWORK_HEADER = YES;
				CLANG_WARN_RANGE_LOOP_ANALYSIS = YES;
				CLANG_WARN_STRICT_PROTOTYPES = YES;
				CLANG_WARN_SUSPICIOUS_MOVE = YES;
				CLANG_WARN_UNGUARDED_AVAILABILITY = YES_AGGRESSIVE;
				CLANG_WARN_UNREACHABLE_CODE = YES;
				CLANG_WARN__DUPLICATE_METHOD_MATCH = YES;
				COPY_PHASE_STRIP = NO;
				DEBUG_INFORMATION_FORMAT = "dwarf-with-dsym";
				ENABLE_NS_ASSERTIONS = NO;
				ENABLE_STRICT_OBJC_MSGSEND = YES;
				GCC_C_LANGUAGE_STANDARD = gnu11;
				GCC_NO_COMMON_BLOCKS = YES;
				GCC_WARN_64_TO_32_BIT_CONVERSION = YES;
				GCC_WARN_ABOUT_RETURN_TYPE = YES_ERROR;
				GCC_WARN_UNDECLARED_SELECTOR = YES;
				GCC_WARN_UNINITIALIZED_AUTOS = YES_AGGRESSIVE;
				GCC_WARN_UNUSED_FUNCTION = YES;
				GCC_WARN_UNUSED_VARIABLE = YES;
				IPHONEOS_DEPLOYMENT_TARGET = 15.5;
				MTL_ENABLE_DEBUG_INFO = NO;
				MTL_FAST_MATH = YES;
				SDKROOT = iphoneos;
				SWIFT_COMPILATION_MODE = wholemodule;
				SWIFT_OPTIMIZATION_LEVEL = "-O";
				VALIDATE_PRODUCT = YES;
			};
			name = Release;
		};
		56B2917C28B3E4A700494774 /* Debug */ = {
			isa = XCBuildConfiguration;
			buildSettings = {
				ASSETCATALOG_COMPILER_APPICON_NAME = AppIcon;
				ASSETCATALOG_COMPILER_GLOBAL_ACCENT_COLOR_NAME = AccentColor;
				CODE_SIGN_STYLE = Automatic;
				CURRENT_PROJECT_VERSION = 1;
				DEVELOPMENT_ASSET_PATHS = "\"Flights/Preview Content\"";
				DEVELOPMENT_TEAM = "";
				ENABLE_PREVIEWS = YES;
				GENERATE_INFOPLIST_FILE = YES;
				INFOPLIST_KEY_UIApplicationSceneManifest_Generation = YES;
				INFOPLIST_KEY_UIApplicationSupportsIndirectInputEvents = YES;
				INFOPLIST_KEY_UILaunchScreen_Generation = YES;
				INFOPLIST_KEY_UISupportedInterfaceOrientations_iPad = "UIInterfaceOrientationPortrait UIInterfaceOrientationPortraitUpsideDown UIInterfaceOrientationLandscapeLeft UIInterfaceOrientationLandscapeRight";
				INFOPLIST_KEY_UISupportedInterfaceOrientations_iPhone = "UIInterfaceOrientationPortrait UIInterfaceOrientationLandscapeLeft UIInterfaceOrientationLandscapeRight";
				LD_RUNPATH_SEARCH_PATHS = (
					"$(inherited)",
					"@executable_path/Frameworks",
				);
				MARKETING_VERSION = 1.0;
				PRODUCT_BUNDLE_IDENTIFIER = com.littva.Flights;
				PRODUCT_NAME = "$(TARGET_NAME)";
				SWIFT_EMIT_LOC_STRINGS = YES;
				SWIFT_VERSION = 5.0;
				TARGETED_DEVICE_FAMILY = "1,2";
			};
			name = Debug;
		};
		56B2917D28B3E4A700494774 /* Release */ = {
			isa = XCBuildConfiguration;
			buildSettings = {
				ASSETCATALOG_COMPILER_APPICON_NAME = AppIcon;
				ASSETCATALOG_COMPILER_GLOBAL_ACCENT_COLOR_NAME = AccentColor;
				CODE_SIGN_STYLE = Automatic;
				CURRENT_PROJECT_VERSION = 1;
				DEVELOPMENT_ASSET_PATHS = "\"Flights/Preview Content\"";
				DEVELOPMENT_TEAM = "";
				ENABLE_PREVIEWS = YES;
				GENERATE_INFOPLIST_FILE = YES;
				INFOPLIST_KEY_UIApplicationSceneManifest_Generation = YES;
				INFOPLIST_KEY_UIApplicationSupportsIndirectInputEvents = YES;
				INFOPLIST_KEY_UILaunchScreen_Generation = YES;
				INFOPLIST_KEY_UISupportedInterfaceOrientations_iPad = "UIInterfaceOrientationPortrait UIInterfaceOrientationPortraitUpsideDown UIInterfaceOrientationLandscapeLeft UIInterfaceOrientationLandscapeRight";
				INFOPLIST_KEY_UISupportedInterfaceOrientations_iPhone = "UIInterfaceOrientationPortrait UIInterfaceOrientationLandscapeLeft UIInterfaceOrientationLandscapeRight";
				LD_RUNPATH_SEARCH_PATHS = (
					"$(inherited)",
					"@executable_path/Frameworks",
				);
				MARKETING_VERSION = 1.0;
				PRODUCT_BUNDLE_IDENTIFIER = com.littva.Flights;
				PRODUCT_NAME = "$(TARGET_NAME)";
				SWIFT_EMIT_LOC_STRINGS = YES;
				SWIFT_VERSION = 5.0;
				TARGETED_DEVICE_FAMILY = "1,2";
			};
			name = Release;
		};
/* End XCBuildConfiguration section */

/* Begin XCConfigurationList section */
		56B2916828B3E4A600494774 /* Build configuration list for PBXProject "Flights" */ = {
			isa = XCConfigurationList;
			buildConfigurations = (
				56B2917928B3E4A700494774 /* Debug */,
				56B2917A28B3E4A700494774 /* Release */,
			);
			defaultConfigurationIsVisible = 0;
			defaultConfigurationName = Release;
		};
		56B2917B28B3E4A700494774 /* Build configuration list for PBXNativeTarget "Flights" */ = {
			isa = XCConfigurationList;
			buildConfigurations = (
				56B2917C28B3E4A700494774 /* Debug */,
				56B2917D28B3E4A700494774 /* Release */,
			);
			defaultConfigurationIsVisible = 0;
			defaultConfigurationName = Release;
		};
/* End XCConfigurationList section */

/* Begin XCSwiftPackageProductDependency section */
		56E4E5C628B3F59200ABCFBB /* Offers */ = {
			isa = XCSwiftPackageProductDependency;
			productName = Offers;
		};
		56E4E5C828B3F59200ABCFBB /* Requester */ = {
			isa = XCSwiftPackageProductDependency;
			productName = Requester;
		};
/* End XCSwiftPackageProductDependency section */
	};
	rootObject = 56B2916528B3E4A600494774 /* Project object */;
}
